
Microsoft Visual Studio Solution File, Format Version 12.00
# Visual Studio Version 17
VisualStudioVersion = 17.9.34622.214
MinimumVisualStudioVersion = 10.0.40219.1
Project("{9A19103F-16F7-4668-BE54-9A1E7A4F7556}") = "DelonLoader Console app avalonia", "DelonLoader Console app avalonia\DelonLoader Console app avalonia.csproj", "{4CD705C5-6EAB-4D3B-8793-0603638D8655}"
EndProject
Project("{9A19103F-16F7-4668-BE54-9A1E7A4F7556}") = "DelonLoader Console app avalonia.Android", "DelonLoader Console app avalonia.Android\DelonLoader Console app avalonia.Android.csproj", "{CF9F03DB-C231-48A0-961F-DEC5B23B4A34}"
EndProject
Global
	GlobalSection(SolutionConfigurationPlatforms) = preSolution
		Debug|Any CPU = Debug|Any CPU
		Release|Any CPU = Release|Any CPU
	EndGlobalSection
	GlobalSection(ProjectConfigurationPlatforms) = postSolution
		{4CD705C5-6EAB-4D3B-8793-0603638D8655}.Debug|Any CPU.ActiveCfg = Debug|Any CPU
		{4CD705C5-6EAB-4D3B-8793-0603638D8655}.Debug|Any CPU.Build.0 = Debug|Any CPU
		{4CD705C5-6EAB-4D3B-8793-0603638D8655}.Release|Any CPU.ActiveCfg = Release|Any CPU
		{4CD705C5-6EAB-4D3B-8793-0603638D8655}.Release|Any CPU.Build.0 = Release|Any CPU
		{CF9F03DB-C231-48A0-961F-DEC5B23B4A34}.Debug|Any CPU.ActiveCfg = Debug|Any CPU
		{CF9F03DB-C231-48A0-961F-DEC5B23B4A34}.Debug|Any CPU.Build.0 = Debug|Any CPU
		{CF9F03DB-C231-48A0-961F-DEC5B23B4A34}.Release|Any CPU.ActiveCfg = Release|Any CPU
		{CF9F03DB-C231-48A0-961F-DEC5B23B4A34}.Release|Any CPU.Build.0 = Release|Any CPU
	EndGlobalSection
	GlobalSection(SolutionProperties) = preSolution
		HideSolutionNode = FALSE
	EndGlobalSection
	GlobalSection(ExtensibilityGlobals) = postSolution
		SolutionGuid = {7D14DF2E-B088-48F1-ADAB-E17682EF2100}
	EndGlobalSection
EndGlobal
